
Microsoft Visual Studio Solution File, Format Version 12.00
# Visual Studio Version 16
VisualStudioVersion = 16.0.29521.150
MinimumVisualStudioVersion = 10.0.40219.1
Project("{9A19103F-16F7-4668-BE54-9A1E7A4F7556}") = "WebApplication1", "WebApplication1\WebApplication1.csproj", "{21A73B2C-2504-44C8-A0A6-96EC7DA5EA86}"
EndProject
Project("{9A19103F-16F7-4668-BE54-9A1E7A4F7556}") = "ConsoleApp1", "ConsoleApp1\ConsoleApp1.csproj", "{477C42C2-776A-4DB0-8A5F-41D11305A1BB}"
EndProject
Project("{9A19103F-16F7-4668-BE54-9A1E7A4F7556}") = "pcm-test-functions", "function-app\pcm-test-functions.csproj", "{AE2F5B8E-C57D-471E-B915-703F5C0AE333}"
EndProject
Global
	GlobalSection(SolutionConfigurationPlatforms) = preSolution
		Debug|Any CPU = Debug|Any CPU
		Release|Any CPU = Release|Any CPU
	EndGlobalSection
	GlobalSection(ProjectConfigurationPlatforms) = postSolution
		{21A73B2C-2504-44C8-A0A6-96EC7DA5EA86}.Debug|Any CPU.ActiveCfg = Debug|Any CPU
		{21A73B2C-2504-44C8-A0A6-96EC7DA5EA86}.Debug|Any CPU.Build.0 = Debug|Any CPU
		{21A73B2C-2504-44C8-A0A6-96EC7DA5EA86}.Release|Any CPU.ActiveCfg = Release|Any CPU
		{21A73B2C-2504-44C8-A0A6-96EC7DA5EA86}.Release|Any CPU.Build.0 = Release|Any CPU
		{477C42C2-776A-4DB0-8A5F-41D11305A1BB}.Debug|Any CPU.ActiveCfg = Debug|Any CPU
		{477C42C2-776A-4DB0-8A5F-41D11305A1BB}.Debug|Any CPU.Build.0 = Debug|Any CPU
		{477C42C2-776A-4DB0-8A5F-41D11305A1BB}.Release|Any CPU.ActiveCfg = Release|Any CPU
		{477C42C2-776A-4DB0-8A5F-41D11305A1BB}.Release|Any CPU.Build.0 = Release|Any CPU
		{AE2F5B8E-C57D-471E-B915-703F5C0AE333}.Debug|Any CPU.ActiveCfg = Debug|Any CPU
		{AE2F5B8E-C57D-471E-B915-703F5C0AE333}.Debug|Any CPU.Build.0 = Debug|Any CPU
		{AE2F5B8E-C57D-471E-B915-703F5C0AE333}.Release|Any CPU.ActiveCfg = Release|Any CPU
		{AE2F5B8E-C57D-471E-B915-703F5C0AE333}.Release|Any CPU.Build.0 = Release|Any CPU
	EndGlobalSection
	GlobalSection(SolutionProperties) = preSolution
		HideSolutionNode = FALSE
	EndGlobalSection
	GlobalSection(ExtensibilityGlobals) = postSolution
		SolutionGuid = {38945DE5-02A0-4803-90CF-08C0A6726A77}
	EndGlobalSection
EndGlobal
